
Microsoft Visual Studio Solution File, Format Version 12.00
# Visual Studio Version 16
VisualStudioVersion = 16.0.31911.196
MinimumVisualStudioVersion = 10.0.40219.1
Project("{8BC9CEB8-8B4A-11D0-8D11-00A0C91BC942}") = "4.14", "4.14\4.14.vcxproj", "{B810FDEB-F0DD-41E1-93FB-E39D910D3AC7}"
EndProject
Global
	GlobalSection(SolutionConfigurationPlatforms) = preSolution
		Debug|x64 = Debug|x64
		Debug|x86 = Debug|x86
		Release|x64 = Release|x64
		Release|x86 = Release|x86
	EndGlobalSection
	GlobalSection(ProjectConfigurationPlatforms) = postSolution
		{B810FDEB-F0DD-41E1-93FB-E39D910D3AC7}.Debug|x64.ActiveCfg = Debug|x64
		{B810FDEB-F0DD-41E1-93FB-E39D910D3AC7}.Debug|x64.Build.0 = Debug|x64
		{B810FDEB-F0DD-41E1-93FB-E39D910D3AC7}.Debug|x86.ActiveCfg = Debug|Win32
		{B810FDEB-F0DD-41E1-93FB-E39D910D3AC7}.Debug|x86.Build.0 = Debug|Win32
		{B810FDEB-F0DD-41E1-93FB-E39D910D3AC7}.Release|x64.ActiveCfg = Release|x64
		{B810FDEB-F0DD-41E1-93FB-E39D910D3AC7}.Release|x64.Build.0 = Release|x64
		{B810FDEB-F0DD-41E1-93FB-E39D910D3AC7}.Release|x86.ActiveCfg = Release|Win32
		{B810FDEB-F0DD-41E1-93FB-E39D910D3AC7}.Release|x86.Build.0 = Release|Win32
	EndGlobalSection
	GlobalSection(SolutionProperties) = preSolution
		HideSolutionNode = FALSE
	EndGlobalSection
	GlobalSection(ExtensibilityGlobals) = postSolution
		SolutionGuid = {D4B74E07-530D-47CE-97E0-A190968770B0}
	EndGlobalSection
EndGlobal
